
Microsoft Visual Studio Solution File, Format Version 12.00
# Visual Studio 14
VisualStudioVersion = 14.0.25123.0
MinimumVisualStudioVersion = 10.0.40219.1
Project("{FAE04EC0-301F-11D3-BF4B-00C04F79EFBC}") = "ValarMorghulis.Data", "ValarMorghulis.Data\ValarMorghulis.Data.csproj", "{A1BCC761-2F21-4284-A1A9-373BAF7E7D2A}"
EndProject
Project("{FAE04EC0-301F-11D3-BF4B-00C04F79EFBC}") = "ValarMorghulis.Repository", "ValarMorghulis.Repository\ValarMorghulis.Repository.csproj", "{A4865890-6EC1-41A6-B238-887EAD599CDD}"
EndProject
Project("{FAE04EC0-301F-11D3-BF4B-00C04F79EFBC}") = "ValarMorghulis.HybridUI", "ValarMorghulis.HybridUI\ValarMorghulis.HybridUI.csproj", "{7E5F207E-75C9-48E5-8F66-A9FF2140DAA2}"
EndProject
Project("{FAE04EC0-301F-11D3-BF4B-00C04F79EFBC}") = "ValarMorghulis.SyncUI", "ValarMorghulis.SyncUI\ValarMorghulis.SyncUI.csproj", "{2B1A3D0E-AA54-4797-8E1D-162686E55A60}"
EndProject
Project("{FAE04EC0-301F-11D3-BF4B-00C04F79EFBC}") = "ValarMorghulis.AsyncUI", "ValarMorghulis.AsyncUI\ValarMorghulis.AsyncUI.csproj", "{51812C6C-37E8-46AC-81ED-99C43C33060E}"
EndProject
Global
	GlobalSection(SolutionConfigurationPlatforms) = preSolution
		Debug|Any CPU = Debug|Any CPU
		Release|Any CPU = Release|Any CPU
	EndGlobalSection
	GlobalSection(ProjectConfigurationPlatforms) = postSolution
		{A1BCC761-2F21-4284-A1A9-373BAF7E7D2A}.Debug|Any CPU.ActiveCfg = Debug|Any CPU
		{A1BCC761-2F21-4284-A1A9-373BAF7E7D2A}.Debug|Any CPU.Build.0 = Debug|Any CPU
		{A1BCC761-2F21-4284-A1A9-373BAF7E7D2A}.Release|Any CPU.ActiveCfg = Release|Any CPU
		{A1BCC761-2F21-4284-A1A9-373BAF7E7D2A}.Release|Any CPU.Build.0 = Release|Any CPU
		{A4865890-6EC1-41A6-B238-887EAD599CDD}.Debug|Any CPU.ActiveCfg = Debug|Any CPU
		{A4865890-6EC1-41A6-B238-887EAD599CDD}.Debug|Any CPU.Build.0 = Debug|Any CPU
		{A4865890-6EC1-41A6-B238-887EAD599CDD}.Release|Any CPU.ActiveCfg = Release|Any CPU
		{A4865890-6EC1-41A6-B238-887EAD599CDD}.Release|Any CPU.Build.0 = Release|Any CPU
		{7E5F207E-75C9-48E5-8F66-A9FF2140DAA2}.Debug|Any CPU.ActiveCfg = Debug|Any CPU
		{7E5F207E-75C9-48E5-8F66-A9FF2140DAA2}.Debug|Any CPU.Build.0 = Debug|Any CPU
		{7E5F207E-75C9-48E5-8F66-A9FF2140DAA2}.Release|Any CPU.ActiveCfg = Release|Any CPU
		{7E5F207E-75C9-48E5-8F66-A9FF2140DAA2}.Release|Any CPU.Build.0 = Release|Any CPU
		{2B1A3D0E-AA54-4797-8E1D-162686E55A60}.Debug|Any CPU.ActiveCfg = Debug|Any CPU
		{2B1A3D0E-AA54-4797-8E1D-162686E55A60}.Debug|Any CPU.Build.0 = Debug|Any CPU
		{2B1A3D0E-AA54-4797-8E1D-162686E55A60}.Release|Any CPU.ActiveCfg = Release|Any CPU
		{2B1A3D0E-AA54-4797-8E1D-162686E55A60}.Release|Any CPU.Build.0 = Release|Any CPU
		{51812C6C-37E8-46AC-81ED-99C43C33060E}.Debug|Any CPU.ActiveCfg = Debug|Any CPU
		{51812C6C-37E8-46AC-81ED-99C43C33060E}.Debug|Any CPU.Build.0 = Debug|Any CPU
		{51812C6C-37E8-46AC-81ED-99C43C33060E}.Release|Any CPU.ActiveCfg = Release|Any CPU
		{51812C6C-37E8-46AC-81ED-99C43C33060E}.Release|Any CPU.Build.0 = Release|Any CPU
	EndGlobalSection
	GlobalSection(SolutionProperties) = preSolution
		HideSolutionNode = FALSE
	EndGlobalSection
EndGlobal
